// !$*UTF8*$!
{
	archiveVersion = 1;
	classes = {
	};
	objectVersion = 46;
	objects = {

/* Begin PBXAggregateTarget section */
		18E5E32C183F86E6000C8D78 /* Install AppleDocs */ = {
			isa = PBXAggregateTarget;
			buildConfigurationList = 18E5E32D183F86E7000C8D78 /* Build configuration list for PBXAggregateTarget "Install AppleDocs" */;
			buildPhases = (
				18E5E330183F8726000C8D78 /* ShellScript */,
			);
			dependencies = (
			);
			name = "Install AppleDocs";
			productName = "Install AppleDocs";
		};
/* End PBXAggregateTarget section */

/* Begin PBXBuildFile section */
		181339B81846283E0008F3E3 /* NSURL+ARKNetworking.m in Sources */ = {isa = PBXBuildFile; fileRef = 181339B71846283E0008F3E3 /* NSURL+ARKNetworking.m */; };
		181339BC184629B10008F3E3 /* NSString+ARKNetworking.m in Sources */ = {isa = PBXBuildFile; fileRef = 181339BB184629B10008F3E3 /* NSString+ARKNetworking.m */; };
		181339BF184636F30008F3E3 /* ARKXCNetworkingTest.m in Sources */ = {isa = PBXBuildFile; fileRef = 181339BE184636F30008F3E3 /* ARKXCNetworkingTest.m */; };
		181339C31846410A0008F3E3 /* XCTest.framework in Frameworks */ = {isa = PBXBuildFile; fileRef = 18E5E304183F66C4000C8D78 /* XCTest.framework */; };
		181339C7184645070008F3E3 /* CoreGraphics.framework in Frameworks */ = {isa = PBXBuildFile; fileRef = 181339C6184645070008F3E3 /* CoreGraphics.framework */; };
		181339C91846453E0008F3E3 /* SystemConfiguration.framework in Frameworks */ = {isa = PBXBuildFile; fileRef = 181339C81846453E0008F3E3 /* SystemConfiguration.framework */; };
		181339CB184672130008F3E3 /* ARKAuthenticationRequestTest.m in Sources */ = {isa = PBXBuildFile; fileRef = 181339CA184672130008F3E3 /* ARKAuthenticationRequestTest.m */; };
		1827D2501842102000CE7FF3 /* ARKContact.m in Sources */ = {isa = PBXBuildFile; fileRef = 1827D24F1842102000CE7FF3 /* ARKContact.m */; };
		1827D2531842265400CE7FF3 /* ARKCompany.m in Sources */ = {isa = PBXBuildFile; fileRef = 1827D2521842265400CE7FF3 /* ARKCompany.m */; };
		186009A61847510600EB13F0 /* ARKUserInformationRequestTest.m in Sources */ = {isa = PBXBuildFile; fileRef = 186009A51847510600EB13F0 /* ARKUserInformationRequestTest.m */; };
		186009AB18475C5500EB13F0 /* ARKCompanyStatistics.m in Sources */ = {isa = PBXBuildFile; fileRef = 186009AA18475C5500EB13F0 /* ARKCompanyStatistics.m */; };
		186009AE184760C800EB13F0 /* ARKCompanyStatistic.m in Sources */ = {isa = PBXBuildFile; fileRef = 186009AD184760C800EB13F0 /* ARKCompanyStatistic.m */; };
		186009B318476D1600EB13F0 /* ARKCompanyStatisticsRequestTest.m in Sources */ = {isa = PBXBuildFile; fileRef = 186009B218476D1600EB13F0 /* ARKCompanyStatisticsRequestTest.m */; };
		189CBBF7184C8BCA000B23D4 /* ARKContactSearchWithCompanyNameRequestTest.m in Sources */ = {isa = PBXBuildFile; fileRef = 189CBBF6184C8BCA000B23D4 /* ARKContactSearchWithCompanyNameRequestTest.m */; };
		189CBBFD184CBAA0000B23D4 /* ArkioTestData.plist in Resources */ = {isa = PBXBuildFile; fileRef = 189CBBFC184CBAA0000B23D4 /* ArkioTestData.plist */; };
		18C2259A1848B06C006206FF /* ARKCompanySearchRequestTest.m in Sources */ = {isa = PBXBuildFile; fileRef = 18C225991848B06C006206FF /* ARKCompanySearchRequestTest.m */; };
		18C2259F1848B545006206FF /* ARKCompanySearchResult.m in Sources */ = {isa = PBXBuildFile; fileRef = 18C2259E1848B545006206FF /* ARKCompanySearchResult.m */; };
		18D887E4184367AC0008AAC2 /* ARKURLFactory.m in Sources */ = {isa = PBXBuildFile; fileRef = 18D887E3184367AC0008AAC2 /* ARKURLFactory.m */; };
		18D887E71843C48B0008AAC2 /* ARKSerialization.m in Sources */ = {isa = PBXBuildFile; fileRef = 18D887E61843C48B0008AAC2 /* ARKSerialization.m */; };
		18D887EB1843D1BC0008AAC2 /* ARKError.m in Sources */ = {isa = PBXBuildFile; fileRef = 18D887EA1843D1BC0008AAC2 /* ARKError.m */; };
		18D9AF0B1850893A001666A1 /* NSObject+ARKFoundation.m in Sources */ = {isa = PBXBuildFile; fileRef = 18D9AF0A1850893A001666A1 /* NSObject+ARKFoundation.m */; };
		18DCB20E184A11F000224D0E /* ARKEntitySearchResult.m in Sources */ = {isa = PBXBuildFile; fileRef = 18DCB20D184A11F000224D0E /* ARKEntitySearchResult.m */; };
		18DCB211184A13BF00224D0E /* ARKContactSearchResult.m in Sources */ = {isa = PBXBuildFile; fileRef = 18DCB210184A13BF00224D0E /* ARKContactSearchResult.m */; };
		18DCB213184A1AA400224D0E /* ARKContactSearchRequestTest.m in Sources */ = {isa = PBXBuildFile; fileRef = 18DCB212184A1AA400224D0E /* ARKContactSearchRequestTest.m */; };
		18E5E2F7183F66C4000C8D78 /* Foundation.framework in Frameworks */ = {isa = PBXBuildFile; fileRef = 18E5E2F6183F66C4000C8D78 /* Foundation.framework */; };
		18E5E2FC183F66C4000C8D78 /* Arkio.h in CopyFiles */ = {isa = PBXBuildFile; fileRef = 18E5E2FB183F66C4000C8D78 /* Arkio.h */; };
		18E5E2FE183F66C4000C8D78 /* Arkio.m in Sources */ = {isa = PBXBuildFile; fileRef = 18E5E2FD183F66C4000C8D78 /* Arkio.m */; };
		18E5E305183F66C4000C8D78 /* XCTest.framework in Frameworks */ = {isa = PBXBuildFile; fileRef = 18E5E304183F66C4000C8D78 /* XCTest.framework */; };
		18E5E306183F66C4000C8D78 /* Foundation.framework in Frameworks */ = {isa = PBXBuildFile; fileRef = 18E5E2F6183F66C4000C8D78 /* Foundation.framework */; };
		18E5E308183F66C4000C8D78 /* UIKit.framework in Frameworks */ = {isa = PBXBuildFile; fileRef = 18E5E307183F66C4000C8D78 /* UIKit.framework */; };
		18E5E30B183F66C4000C8D78 /* libArkio.a in Frameworks */ = {isa = PBXBuildFile; fileRef = 18E5E2F3183F66C4000C8D78 /* libArkio.a */; };
		18E5E311183F66C4000C8D78 /* InfoPlist.strings in Resources */ = {isa = PBXBuildFile; fileRef = 18E5E30F183F66C4000C8D78 /* InfoPlist.strings */; };
		18E5E313183F66C4000C8D78 /* ArkioTests.m in Sources */ = {isa = PBXBuildFile; fileRef = 18E5E312183F66C4000C8D78 /* ArkioTests.m */; };
		18E5E320183F6E13000C8D78 /* ARKSession.m in Sources */ = {isa = PBXBuildFile; fileRef = 18E5E31F183F6E13000C8D78 /* ARKSession.m */; };
		18E5E325183F7076000C8D78 /* ARKUserCredentials.m in Sources */ = {isa = PBXBuildFile; fileRef = 18E5E324183F7076000C8D78 /* ARKUserCredentials.m */; };
		18E5E328183F7162000C8D78 /* ARKUser.m in Sources */ = {isa = PBXBuildFile; fileRef = 18E5E327183F7162000C8D78 /* ARKUser.m */; };
		18E5E32B183F76D7000C8D78 /* ARKServer.m in Sources */ = {isa = PBXBuildFile; fileRef = 18E5E32A183F76D7000C8D78 /* ARKServer.m */; };
		18F3CA001844CBAE00695C37 /* ARKEntity.m in Sources */ = {isa = PBXBuildFile; fileRef = 18F3C9FF1844CBAE00695C37 /* ARKEntity.m */; };
		1AEE3DEEA9964CE3B0D146FC /* libPods.a in Frameworks */ = {isa = PBXBuildFile; fileRef = 4784280918B14DDA883C3890 /* libPods.a */; };
/* End PBXBuildFile section */

/* Begin PBXContainerItemProxy section */
		18E5E309183F66C4000C8D78 /* PBXContainerItemProxy */ = {
			isa = PBXContainerItemProxy;
			containerPortal = 18E5E2EB183F66C4000C8D78 /* Project object */;
			proxyType = 1;
			remoteGlobalIDString = 18E5E2F2183F66C4000C8D78;
			remoteInfo = Arkio;
		};
/* End PBXContainerItemProxy section */

/* Begin PBXCopyFilesBuildPhase section */
		18E5E2F1183F66C4000C8D78 /* CopyFiles */ = {
			isa = PBXCopyFilesBuildPhase;
			buildActionMask = 2147483647;
			dstPath = "include/$(PRODUCT_NAME)";
			dstSubfolderSpec = 16;
			files = (
				18E5E2FC183F66C4000C8D78 /* Arkio.h in CopyFiles */,
			);
			runOnlyForDeploymentPostprocessing = 0;
		};
/* End PBXCopyFilesBuildPhase section */

/* Begin PBXFileReference section */
		181339B61846283E0008F3E3 /* NSURL+ARKNetworking.h */ = {isa = PBXFileReference; fileEncoding = 4; lastKnownFileType = sourcecode.c.h; path = "NSURL+ARKNetworking.h"; sourceTree = "<group>"; };
		181339B71846283E0008F3E3 /* NSURL+ARKNetworking.m */ = {isa = PBXFileReference; fileEncoding = 4; lastKnownFileType = sourcecode.c.objc; path = "NSURL+ARKNetworking.m"; sourceTree = "<group>"; };
		181339BA184629B10008F3E3 /* NSString+ARKNetworking.h */ = {isa = PBXFileReference; fileEncoding = 4; lastKnownFileType = sourcecode.c.h; path = "NSString+ARKNetworking.h"; sourceTree = "<group>"; };
		181339BB184629B10008F3E3 /* NSString+ARKNetworking.m */ = {isa = PBXFileReference; fileEncoding = 4; lastKnownFileType = sourcecode.c.objc; path = "NSString+ARKNetworking.m"; sourceTree = "<group>"; };
		181339BD184636F30008F3E3 /* ARKXCNetworkingTest.h */ = {isa = PBXFileReference; fileEncoding = 4; lastKnownFileType = sourcecode.c.h; path = ARKXCNetworkingTest.h; sourceTree = "<group>"; };
		181339BE184636F30008F3E3 /* ARKXCNetworkingTest.m */ = {isa = PBXFileReference; fileEncoding = 4; lastKnownFileType = sourcecode.c.objc; path = ARKXCNetworkingTest.m; sourceTree = "<group>"; };
		181339C4184644E70008F3E3 /* libPods.a */ = {isa = PBXFileReference; lastKnownFileType = archive.ar; name = libPods.a; path = "Pods/build/Debug-iphoneos/libPods.a"; sourceTree = "<group>"; };
		181339C6184645070008F3E3 /* CoreGraphics.framework */ = {isa = PBXFileReference; lastKnownFileType = wrapper.framework; name = CoreGraphics.framework; path = System/Library/Frameworks/CoreGraphics.framework; sourceTree = SDKROOT; };
		181339C81846453E0008F3E3 /* SystemConfiguration.framework */ = {isa = PBXFileReference; lastKnownFileType = wrapper.framework; name = SystemConfiguration.framework; path = System/Library/Frameworks/SystemConfiguration.framework; sourceTree = SDKROOT; };
		181339CA184672130008F3E3 /* ARKAuthenticationRequestTest.m */ = {isa = PBXFileReference; fileEncoding = 4; lastKnownFileType = sourcecode.c.objc; path = ARKAuthenticationRequestTest.m; sourceTree = "<group>"; };
		1827D24E1842102000CE7FF3 /* ARKContact.h */ = {isa = PBXFileReference; fileEncoding = 4; lastKnownFileType = sourcecode.c.h; path = ARKContact.h; sourceTree = "<group>"; };
		1827D24F1842102000CE7FF3 /* ARKContact.m */ = {isa = PBXFileReference; fileEncoding = 4; lastKnownFileType = sourcecode.c.objc; path = ARKContact.m; sourceTree = "<group>"; };
		1827D2511842265400CE7FF3 /* ARKCompany.h */ = {isa = PBXFileReference; fileEncoding = 4; lastKnownFileType = sourcecode.c.h; path = ARKCompany.h; sourceTree = "<group>"; };
		1827D2521842265400CE7FF3 /* ARKCompany.m */ = {isa = PBXFileReference; fileEncoding = 4; lastKnownFileType = sourcecode.c.objc; path = ARKCompany.m; sourceTree = "<group>"; };
		186009A51847510600EB13F0 /* ARKUserInformationRequestTest.m */ = {isa = PBXFileReference; fileEncoding = 4; lastKnownFileType = sourcecode.c.objc; path = ARKUserInformationRequestTest.m; sourceTree = "<group>"; };
		186009A918475C5500EB13F0 /* ARKCompanyStatistics.h */ = {isa = PBXFileReference; fileEncoding = 4; lastKnownFileType = sourcecode.c.h; path = ARKCompanyStatistics.h; sourceTree = "<group>"; };
		186009AA18475C5500EB13F0 /* ARKCompanyStatistics.m */ = {isa = PBXFileReference; fileEncoding = 4; lastKnownFileType = sourcecode.c.objc; path = ARKCompanyStatistics.m; sourceTree = "<group>"; };
		186009AC184760C800EB13F0 /* ARKCompanyStatistic.h */ = {isa = PBXFileReference; fileEncoding = 4; lastKnownFileType = sourcecode.c.h; path = ARKCompanyStatistic.h; sourceTree = "<group>"; };
		186009AD184760C800EB13F0 /* ARKCompanyStatistic.m */ = {isa = PBXFileReference; fileEncoding = 4; lastKnownFileType = sourcecode.c.objc; path = ARKCompanyStatistic.m; sourceTree = "<group>"; };
		186009B218476D1600EB13F0 /* ARKCompanyStatisticsRequestTest.m */ = {isa = PBXFileReference; fileEncoding = 4; lastKnownFileType = sourcecode.c.objc; path = ARKCompanyStatisticsRequestTest.m; sourceTree = "<group>"; };
		187DB7EB1851E12200D5AD6A /* arkio-api-developer-token-example.png */ = {isa = PBXFileReference; lastKnownFileType = image.png; path = "arkio-api-developer-token-example.png"; sourceTree = "<group>"; };
		1894A21718509A5A003BA547 /* Podfile */ = {isa = PBXFileReference; fileEncoding = 4; lastKnownFileType = text; path = Podfile; sourceTree = "<group>"; };
		189CBBF6184C8BCA000B23D4 /* ARKContactSearchWithCompanyNameRequestTest.m */ = {isa = PBXFileReference; fileEncoding = 4; lastKnownFileType = sourcecode.c.objc; path = ARKContactSearchWithCompanyNameRequestTest.m; sourceTree = "<group>"; };
		189CBBFC184CBAA0000B23D4 /* ArkioTestData.plist */ = {isa = PBXFileReference; fileEncoding = 4; lastKnownFileType = text.plist.xml; path = ArkioTestData.plist; sourceTree = "<group>"; };
		18C225991848B06C006206FF /* ARKCompanySearchRequestTest.m */ = {isa = PBXFileReference; fileEncoding = 4; lastKnownFileType = sourcecode.c.objc; path = ARKCompanySearchRequestTest.m; sourceTree = "<group>"; };
		18C2259D1848B545006206FF /* ARKCompanySearchResult.h */ = {isa = PBXFileReference; fileEncoding = 4; lastKnownFileType = sourcecode.c.h; path = ARKCompanySearchResult.h; sourceTree = "<group>"; };
		18C2259E1848B545006206FF /* ARKCompanySearchResult.m */ = {isa = PBXFileReference; fileEncoding = 4; lastKnownFileType = sourcecode.c.objc; path = ARKCompanySearchResult.m; sourceTree = "<group>"; };
		18D887E2184367AC0008AAC2 /* ARKURLFactory.h */ = {isa = PBXFileReference; fileEncoding = 4; lastKnownFileType = sourcecode.c.h; path = ARKURLFactory.h; sourceTree = "<group>"; };
		18D887E3184367AC0008AAC2 /* ARKURLFactory.m */ = {isa = PBXFileReference; fileEncoding = 4; lastKnownFileType = sourcecode.c.objc; path = ARKURLFactory.m; sourceTree = "<group>"; };
		18D887E51843C48B0008AAC2 /* ARKSerialization.h */ = {isa = PBXFileReference; fileEncoding = 4; lastKnownFileType = sourcecode.c.h; path = ARKSerialization.h; sourceTree = "<group>"; };
		18D887E61843C48B0008AAC2 /* ARKSerialization.m */ = {isa = PBXFileReference; fileEncoding = 4; lastKnownFileType = sourcecode.c.objc; lineEnding = 0; path = ARKSerialization.m; sourceTree = "<group>"; xcLanguageSpecificationIdentifier = xcode.lang.objc; };
		18D887E91843D1BC0008AAC2 /* ARKError.h */ = {isa = PBXFileReference; fileEncoding = 4; lastKnownFileType = sourcecode.c.h; lineEnding = 0; path = ARKError.h; sourceTree = "<group>"; xcLanguageSpecificationIdentifier = xcode.lang.objcpp; };
		18D887EA1843D1BC0008AAC2 /* ARKError.m */ = {isa = PBXFileReference; fileEncoding = 4; lastKnownFileType = sourcecode.c.objc; path = ARKError.m; sourceTree = "<group>"; };
		18D9AF091850893A001666A1 /* NSObject+ARKFoundation.h */ = {isa = PBXFileReference; fileEncoding = 4; lastKnownFileType = sourcecode.c.h; path = "NSObject+ARKFoundation.h"; sourceTree = "<group>"; };
		18D9AF0A1850893A001666A1 /* NSObject+ARKFoundation.m */ = {isa = PBXFileReference; fileEncoding = 4; lastKnownFileType = sourcecode.c.objc; path = "NSObject+ARKFoundation.m"; sourceTree = "<group>"; };
		18DCB20C184A11F000224D0E /* ARKEntitySearchResult.h */ = {isa = PBXFileReference; fileEncoding = 4; lastKnownFileType = sourcecode.c.h; path = ARKEntitySearchResult.h; sourceTree = "<group>"; };
		18DCB20D184A11F000224D0E /* ARKEntitySearchResult.m */ = {isa = PBXFileReference; fileEncoding = 4; lastKnownFileType = sourcecode.c.objc; path = ARKEntitySearchResult.m; sourceTree = "<group>"; };
		18DCB20F184A13BF00224D0E /* ARKContactSearchResult.h */ = {isa = PBXFileReference; fileEncoding = 4; lastKnownFileType = sourcecode.c.h; path = ARKContactSearchResult.h; sourceTree = "<group>"; };
		18DCB210184A13BF00224D0E /* ARKContactSearchResult.m */ = {isa = PBXFileReference; fileEncoding = 4; lastKnownFileType = sourcecode.c.objc; path = ARKContactSearchResult.m; sourceTree = "<group>"; };
		18DCB212184A1AA400224D0E /* ARKContactSearchRequestTest.m */ = {isa = PBXFileReference; fileEncoding = 4; lastKnownFileType = sourcecode.c.objc; path = ARKContactSearchRequestTest.m; sourceTree = "<group>"; };
		18E5E2F3183F66C4000C8D78 /* libArkio.a */ = {isa = PBXFileReference; explicitFileType = archive.ar; includeInIndex = 0; path = libArkio.a; sourceTree = BUILT_PRODUCTS_DIR; };
		18E5E2F6183F66C4000C8D78 /* Foundation.framework */ = {isa = PBXFileReference; lastKnownFileType = wrapper.framework; name = Foundation.framework; path = System/Library/Frameworks/Foundation.framework; sourceTree = SDKROOT; };
		18E5E2FA183F66C4000C8D78 /* Arkio-Prefix.pch */ = {isa = PBXFileReference; lastKnownFileType = sourcecode.c.h; path = "Arkio-Prefix.pch"; sourceTree = "<group>"; };
		18E5E2FB183F66C4000C8D78 /* Arkio.h */ = {isa = PBXFileReference; lastKnownFileType = sourcecode.c.h; path = Arkio.h; sourceTree = "<group>"; };
		18E5E2FD183F66C4000C8D78 /* Arkio.m */ = {isa = PBXFileReference; lastKnownFileType = sourcecode.c.objc; path = Arkio.m; sourceTree = "<group>"; };
		18E5E303183F66C4000C8D78 /* ArkioTests.xctest */ = {isa = PBXFileReference; explicitFileType = wrapper.cfbundle; includeInIndex = 0; path = ArkioTests.xctest; sourceTree = BUILT_PRODUCTS_DIR; };
		18E5E304183F66C4000C8D78 /* XCTest.framework */ = {isa = PBXFileReference; lastKnownFileType = wrapper.framework; name = XCTest.framework; path = Library/Frameworks/XCTest.framework; sourceTree = DEVELOPER_DIR; };
		18E5E307183F66C4000C8D78 /* UIKit.framework */ = {isa = PBXFileReference; lastKnownFileType = wrapper.framework; name = UIKit.framework; path = Library/Frameworks/UIKit.framework; sourceTree = DEVELOPER_DIR; };
		18E5E30E183F66C4000C8D78 /* ArkioTests-Info.plist */ = {isa = PBXFileReference; lastKnownFileType = text.plist.xml; path = "ArkioTests-Info.plist"; sourceTree = "<group>"; };
		18E5E310183F66C4000C8D78 /* en */ = {isa = PBXFileReference; lastKnownFileType = text.plist.strings; name = en; path = en.lproj/InfoPlist.strings; sourceTree = "<group>"; };
		18E5E312183F66C4000C8D78 /* ArkioTests.m */ = {isa = PBXFileReference; lastKnownFileType = sourcecode.c.objc; path = ArkioTests.m; sourceTree = "<group>"; };
		18E5E31E183F6E13000C8D78 /* ARKSession.h */ = {isa = PBXFileReference; fileEncoding = 4; lastKnownFileType = sourcecode.c.h; path = ARKSession.h; sourceTree = "<group>"; };
		18E5E31F183F6E13000C8D78 /* ARKSession.m */ = {isa = PBXFileReference; fileEncoding = 4; lastKnownFileType = sourcecode.c.objc; path = ARKSession.m; sourceTree = "<group>"; };
		18E5E323183F7076000C8D78 /* ARKUserCredentials.h */ = {isa = PBXFileReference; fileEncoding = 4; lastKnownFileType = sourcecode.c.h; path = ARKUserCredentials.h; sourceTree = "<group>"; };
		18E5E324183F7076000C8D78 /* ARKUserCredentials.m */ = {isa = PBXFileReference; fileEncoding = 4; lastKnownFileType = sourcecode.c.objc; path = ARKUserCredentials.m; sourceTree = "<group>"; };
		18E5E326183F7162000C8D78 /* ARKUser.h */ = {isa = PBXFileReference; fileEncoding = 4; lastKnownFileType = sourcecode.c.h; path = ARKUser.h; sourceTree = "<group>"; };
		18E5E327183F7162000C8D78 /* ARKUser.m */ = {isa = PBXFileReference; fileEncoding = 4; lastKnownFileType = sourcecode.c.objc; path = ARKUser.m; sourceTree = "<group>"; };
		18E5E329183F76D7000C8D78 /* ARKServer.h */ = {isa = PBXFileReference; fileEncoding = 4; lastKnownFileType = sourcecode.c.h; path = ARKServer.h; sourceTree = "<group>"; };
		18E5E32A183F76D7000C8D78 /* ARKServer.m */ = {isa = PBXFileReference; fileEncoding = 4; lastKnownFileType = sourcecode.c.objc; path = ARKServer.m; sourceTree = "<group>"; };
		18E5E331183F8894000C8D78 /* README.md */ = {isa = PBXFileReference; fileEncoding = 4; lastKnownFileType = text; path = README.md; sourceTree = "<group>"; };
		18F3C9FE1844CBAE00695C37 /* ARKEntity.h */ = {isa = PBXFileReference; fileEncoding = 4; lastKnownFileType = sourcecode.c.h; path = ARKEntity.h; sourceTree = "<group>"; };
		18F3C9FF1844CBAE00695C37 /* ARKEntity.m */ = {isa = PBXFileReference; fileEncoding = 4; lastKnownFileType = sourcecode.c.objc; path = ARKEntity.m; sourceTree = "<group>"; };
		4784280918B14DDA883C3890 /* libPods.a */ = {isa = PBXFileReference; explicitFileType = archive.ar; includeInIndex = 0; path = libPods.a; sourceTree = BUILT_PRODUCTS_DIR; };
		F69568D91757450CAE1A9922 /* Pods.xcconfig */ = {isa = PBXFileReference; includeInIndex = 1; lastKnownFileType = text.xcconfig; name = Pods.xcconfig; path = Pods/Pods.xcconfig; sourceTree = "<group>"; };
/* End PBXFileReference section */

/* Begin PBXFrameworksBuildPhase section */
		18E5E2F0183F66C4000C8D78 /* Frameworks */ = {
			isa = PBXFrameworksBuildPhase;
			buildActionMask = 2147483647;
			files = (
				181339C31846410A0008F3E3 /* XCTest.framework in Frameworks */,
				18E5E2F7183F66C4000C8D78 /* Foundation.framework in Frameworks */,
				1AEE3DEEA9964CE3B0D146FC /* libPods.a in Frameworks */,
			);
			runOnlyForDeploymentPostprocessing = 0;
		};
		18E5E300183F66C4000C8D78 /* Frameworks */ = {
			isa = PBXFrameworksBuildPhase;
			buildActionMask = 2147483647;
			files = (
				181339C91846453E0008F3E3 /* SystemConfiguration.framework in Frameworks */,
				181339C7184645070008F3E3 /* CoreGraphics.framework in Frameworks */,
				18E5E305183F66C4000C8D78 /* XCTest.framework in Frameworks */,
				18E5E308183F66C4000C8D78 /* UIKit.framework in Frameworks */,
				18E5E30B183F66C4000C8D78 /* libArkio.a in Frameworks */,
				18E5E306183F66C4000C8D78 /* Foundation.framework in Frameworks */,
			);
			runOnlyForDeploymentPostprocessing = 0;
		};
/* End PBXFrameworksBuildPhase section */

/* Begin PBXGroup section */
		181339B9184629350008F3E3 /* Categories */ = {
			isa = PBXGroup;
			children = (
				181339B61846283E0008F3E3 /* NSURL+ARKNetworking.h */,
				181339B71846283E0008F3E3 /* NSURL+ARKNetworking.m */,
				181339BA184629B10008F3E3 /* NSString+ARKNetworking.h */,
				181339BB184629B10008F3E3 /* NSString+ARKNetworking.m */,
				18D9AF091850893A001666A1 /* NSObject+ARKFoundation.h */,
				18D9AF0A1850893A001666A1 /* NSObject+ARKFoundation.m */,
			);
			name = Categories;
			sourceTree = "<group>";
		};
		181339CC184672670008F3E3 /* Core */ = {
			isa = PBXGroup;
			children = (
				181339BD184636F30008F3E3 /* ARKXCNetworkingTest.h */,
				181339BE184636F30008F3E3 /* ARKXCNetworkingTest.m */,
			);
			name = Core;
			sourceTree = "<group>";
		};
		187DB7E91851E0A800D5AD6A /* Documentation */ = {
			isa = PBXGroup;
			children = (
				187DB7EA1851E0B900D5AD6A /* Images */,
			);
			name = Documentation;
			sourceTree = "<group>";
		};
		187DB7EA1851E0B900D5AD6A /* Images */ = {
			isa = PBXGroup;
			children = (
				187DB7EB1851E12200D5AD6A /* arkio-api-developer-token-example.png */,
			);
			name = Images;
			sourceTree = "<group>";
		};
		18C225A01848B5B0006206FF /* Company */ = {
			isa = PBXGroup;
			children = (
				1827D2511842265400CE7FF3 /* ARKCompany.h */,
				1827D2521842265400CE7FF3 /* ARKCompany.m */,
				186009A918475C5500EB13F0 /* ARKCompanyStatistics.h */,
				186009AA18475C5500EB13F0 /* ARKCompanyStatistics.m */,
				186009AC184760C800EB13F0 /* ARKCompanyStatistic.h */,
				186009AD184760C800EB13F0 /* ARKCompanyStatistic.m */,
				18C2259D1848B545006206FF /* ARKCompanySearchResult.h */,
				18C2259E1848B545006206FF /* ARKCompanySearchResult.m */,
			);
			name = Company;
			sourceTree = "<group>";
		};
		18C225A11848B5D0006206FF /* User */ = {
			isa = PBXGroup;
			children = (
				18E5E326183F7162000C8D78 /* ARKUser.h */,
				18E5E327183F7162000C8D78 /* ARKUser.m */,
				18E5E323183F7076000C8D78 /* ARKUserCredentials.h */,
				18E5E324183F7076000C8D78 /* ARKUserCredentials.m */,
			);
			name = User;
			sourceTree = "<group>";
		};
		18C225A21848B5E3006206FF /* Contact */ = {
			isa = PBXGroup;
			children = (
				1827D24E1842102000CE7FF3 /* ARKContact.h */,
				1827D24F1842102000CE7FF3 /* ARKContact.m */,
				18DCB20F184A13BF00224D0E /* ARKContactSearchResult.h */,
				18DCB210184A13BF00224D0E /* ARKContactSearchResult.m */,
			);
			name = Contact;
			sourceTree = "<group>";
		};
		18C225A31848B5F2006206FF /* Core */ = {
			isa = PBXGroup;
			children = (
				18F3C9FE1844CBAE00695C37 /* ARKEntity.h */,
				18F3C9FF1844CBAE00695C37 /* ARKEntity.m */,
				18DCB20C184A11F000224D0E /* ARKEntitySearchResult.h */,
				18DCB20D184A11F000224D0E /* ARKEntitySearchResult.m */,
			);
			name = Core;
			sourceTree = "<group>";
		};
		18D887E81843CA6A0008AAC2 /* Error Handling */ = {
			isa = PBXGroup;
			children = (
				18D887E91843D1BC0008AAC2 /* ARKError.h */,
				18D887EA1843D1BC0008AAC2 /* ARKError.m */,
			);
			name = "Error Handling";
			sourceTree = "<group>";
		};
		18DCB214184A1BB900224D0E /* Company */ = {
			isa = PBXGroup;
			children = (
				186009B218476D1600EB13F0 /* ARKCompanyStatisticsRequestTest.m */,
				18C225991848B06C006206FF /* ARKCompanySearchRequestTest.m */,
			);
			name = Company;
			sourceTree = "<group>";
		};
		18DCB215184A1BC000224D0E /* Contact */ = {
			isa = PBXGroup;
			children = (
				18DCB212184A1AA400224D0E /* ARKContactSearchRequestTest.m */,
				189CBBF6184C8BCA000B23D4 /* ARKContactSearchWithCompanyNameRequestTest.m */,
			);
			name = Contact;
			sourceTree = "<group>";
		};
		18DCB216184A1BC700224D0E /* User */ = {
			isa = PBXGroup;
			children = (
				181339CA184672130008F3E3 /* ARKAuthenticationRequestTest.m */,
				186009A51847510600EB13F0 /* ARKUserInformationRequestTest.m */,
			);
			name = User;
			sourceTree = "<group>";
		};
		18E5E2EA183F66C4000C8D78 = {
			isa = PBXGroup;
			children = (
				18E5E2F8183F66C4000C8D78 /* Arkio */,
				18E5E30C183F66C4000C8D78 /* ArkioTests */,
				18E5E2F5183F66C4000C8D78 /* Frameworks */,
				18E5E2F4183F66C4000C8D78 /* Products */,
				18E5E331183F8894000C8D78 /* README.md */,
				1894A21718509A5A003BA547 /* Podfile */,
				F69568D91757450CAE1A9922 /* Pods.xcconfig */,
			);
			sourceTree = "<group>";
		};
		18E5E2F4183F66C4000C8D78 /* Products */ = {
			isa = PBXGroup;
			children = (
				18E5E2F3183F66C4000C8D78 /* libArkio.a */,
				18E5E303183F66C4000C8D78 /* ArkioTests.xctest */,
			);
			name = Products;
			sourceTree = "<group>";
		};
		18E5E2F5183F66C4000C8D78 /* Frameworks */ = {
			isa = PBXGroup;
			children = (
				181339C81846453E0008F3E3 /* SystemConfiguration.framework */,
				181339C6184645070008F3E3 /* CoreGraphics.framework */,
				181339C4184644E70008F3E3 /* libPods.a */,
				18E5E2F6183F66C4000C8D78 /* Foundation.framework */,
				18E5E304183F66C4000C8D78 /* XCTest.framework */,
				18E5E307183F66C4000C8D78 /* UIKit.framework */,
				4784280918B14DDA883C3890 /* libPods.a */,
			);
			name = Frameworks;
			sourceTree = "<group>";
		};
		18E5E2F8183F66C4000C8D78 /* Arkio */ = {
			isa = PBXGroup;
			children = (
				18E5E2FB183F66C4000C8D78 /* Arkio.h */,
				18E5E2FD183F66C4000C8D78 /* Arkio.m */,
				181339B9184629350008F3E3 /* Categories */,
				18D887E81843CA6A0008AAC2 /* Error Handling */,
				18E5E31C183F6DAB000C8D78 /* Networking */,
				18E5E31D183F6DC0000C8D78 /* Model */,
				18E5E2F9183F66C4000C8D78 /* Supporting Files */,
			);
			path = Arkio;
			sourceTree = "<group>";
		};
		18E5E2F9183F66C4000C8D78 /* Supporting Files */ = {
			isa = PBXGroup;
			children = (
				187DB7E91851E0A800D5AD6A /* Documentation */,
				18E5E2FA183F66C4000C8D78 /* Arkio-Prefix.pch */,
			);
			name = "Supporting Files";
			sourceTree = "<group>";
		};
		18E5E30C183F66C4000C8D78 /* ArkioTests */ = {
			isa = PBXGroup;
			children = (
				18E5E312183F66C4000C8D78 /* ArkioTests.m */,
				181339CC184672670008F3E3 /* Core */,
				18DCB214184A1BB900224D0E /* Company */,
				18DCB215184A1BC000224D0E /* Contact */,
				18DCB216184A1BC700224D0E /* User */,
				18E5E30D183F66C4000C8D78 /* Supporting Files */,
			);
			path = ArkioTests;
			sourceTree = "<group>";
		};
		18E5E30D183F66C4000C8D78 /* Supporting Files */ = {
			isa = PBXGroup;
			children = (
				18E5E30E183F66C4000C8D78 /* ArkioTests-Info.plist */,
				189CBBFC184CBAA0000B23D4 /* ArkioTestData.plist */,
				18E5E30F183F66C4000C8D78 /* InfoPlist.strings */,
			);
			name = "Supporting Files";
			sourceTree = "<group>";
		};
		18E5E31C183F6DAB000C8D78 /* Networking */ = {
			isa = PBXGroup;
			children = (
				18E5E31E183F6E13000C8D78 /* ARKSession.h */,
				18E5E31F183F6E13000C8D78 /* ARKSession.m */,
				18E5E329183F76D7000C8D78 /* ARKServer.h */,
				18E5E32A183F76D7000C8D78 /* ARKServer.m */,
				18D887E2184367AC0008AAC2 /* ARKURLFactory.h */,
				18D887E3184367AC0008AAC2 /* ARKURLFactory.m */,
				18D887E51843C48B0008AAC2 /* ARKSerialization.h */,
				18D887E61843C48B0008AAC2 /* ARKSerialization.m */,
			);
			name = Networking;
			sourceTree = "<group>";
		};
		18E5E31D183F6DC0000C8D78 /* Model */ = {
			isa = PBXGroup;
			children = (
				18C225A01848B5B0006206FF /* Company */,
				18C225A21848B5E3006206FF /* Contact */,
				18C225A31848B5F2006206FF /* Core */,
				18C225A11848B5D0006206FF /* User */,
			);
			name = Model;
			sourceTree = "<group>";
		};
/* End PBXGroup section */

/* Begin PBXNativeTarget section */
		18E5E2F2183F66C4000C8D78 /* Arkio */ = {
			isa = PBXNativeTarget;
			buildConfigurationList = 18E5E316183F66C4000C8D78 /* Build configuration list for PBXNativeTarget "Arkio" */;
			buildPhases = (
				0358141C2A4E4D3A8E6326A1 /* Check Pods Manifest.lock */,
				18E5E2EF183F66C4000C8D78 /* Sources */,
				18E5E2F0183F66C4000C8D78 /* Frameworks */,
				18E5E2F1183F66C4000C8D78 /* CopyFiles */,
				AC39998958854597A40CD221 /* Copy Pods Resources */,
			);
			buildRules = (
			);
			dependencies = (
			);
			name = Arkio;
			productName = Arkio;
			productReference = 18E5E2F3183F66C4000C8D78 /* libArkio.a */;
			productType = "com.apple.product-type.library.static";
		};
		18E5E302183F66C4000C8D78 /* ArkioTests */ = {
			isa = PBXNativeTarget;
			buildConfigurationList = 18E5E319183F66C4000C8D78 /* Build configuration list for PBXNativeTarget "ArkioTests" */;
			buildPhases = (
				18E5E2FF183F66C4000C8D78 /* Sources */,
				18E5E300183F66C4000C8D78 /* Frameworks */,
				18E5E301183F66C4000C8D78 /* Resources */,
			);
			buildRules = (
			);
			dependencies = (
				18E5E30A183F66C4000C8D78 /* PBXTargetDependency */,
			);
			name = ArkioTests;
			productName = ArkioTests;
			productReference = 18E5E303183F66C4000C8D78 /* ArkioTests.xctest */;
			productType = "com.apple.product-type.bundle.unit-test";
		};
/* End PBXNativeTarget section */

/* Begin PBXProject section */
		18E5E2EB183F66C4000C8D78 /* Project object */ = {
			isa = PBXProject;
			attributes = {
				CLASSPREFIX = ARK;
				LastUpgradeCheck = 0500;
				ORGANIZATIONNAME = "Alien Hitcher";
				TargetAttributes = {
					18E5E302183F66C4000C8D78 = {
						TestTargetID = 18E5E2F2183F66C4000C8D78;
					};
				};
			};
			buildConfigurationList = 18E5E2EE183F66C4000C8D78 /* Build configuration list for PBXProject "Arkio" */;
			compatibilityVersion = "Xcode 3.2";
			developmentRegion = English;
			hasScannedForEncodings = 0;
			knownRegions = (
				en,
			);
			mainGroup = 18E5E2EA183F66C4000C8D78;
			productRefGroup = 18E5E2F4183F66C4000C8D78 /* Products */;
			projectDirPath = "";
			projectRoot = "";
			targets = (
				18E5E2F2183F66C4000C8D78 /* Arkio */,
				18E5E302183F66C4000C8D78 /* ArkioTests */,
				18E5E32C183F86E6000C8D78 /* Install AppleDocs */,
			);
		};
/* End PBXProject section */

/* Begin PBXResourcesBuildPhase section */
		18E5E301183F66C4000C8D78 /* Resources */ = {
			isa = PBXResourcesBuildPhase;
			buildActionMask = 2147483647;
			files = (
				18E5E311183F66C4000C8D78 /* InfoPlist.strings in Resources */,
				189CBBFD184CBAA0000B23D4 /* ArkioTestData.plist in Resources */,
			);
			runOnlyForDeploymentPostprocessing = 0;
		};
/* End PBXResourcesBuildPhase section */

/* Begin PBXShellScriptBuildPhase section */
		0358141C2A4E4D3A8E6326A1 /* Check Pods Manifest.lock */ = {
			isa = PBXShellScriptBuildPhase;
			buildActionMask = 2147483647;
			files = (
			);
			inputPaths = (
			);
			name = "Check Pods Manifest.lock";
			outputPaths = (
			);
			runOnlyForDeploymentPostprocessing = 0;
			shellPath = /bin/sh;
			shellScript = "diff \"${PODS_ROOT}/../Podfile.lock\" \"${PODS_ROOT}/Manifest.lock\" > /dev/null\nif [[ $? != 0 ]] ; then\n    cat << EOM\nerror: The sandbox is not in sync with the Podfile.lock. Run 'pod install' or update your CocoaPods installation.\nEOM\n    exit 1\nfi\n";
			showEnvVarsInLog = 0;
		};
		18E5E330183F8726000C8D78 /* ShellScript */ = {
			isa = PBXShellScriptBuildPhase;
			buildActionMask = 2147483647;
			files = (
			);
			inputPaths = (
			);
			outputPaths = (
			);
			runOnlyForDeploymentPostprocessing = 0;
			shellPath = /bin/sh;
			shellScript = "/usr/bin/appledoc \\\n--project-name \"${PROJECT_NAME}\" \\\n--project-company \"Alien Hitcher\" \\\n--company-id \"com.alienhitcher\" \\\n--output \"${PROJECT_DIR}/AppleDocs\" \\\n--install-docset \\\n--logformat xcode \\\n--keep-undocumented-objects \\\n--keep-undocumented-members \\\n--keep-intermediate-files \\\n--no-repeat-first-par \\\n--no-warn-invalid-crossref \\\n--merge-categories \\\n--exit-threshold 2 \\\n--docset-platform-family iphoneos \\\n--ignore \"*.m\" \\\n--include \"${PROJECT_DIR}/${PROJECT_NAME}/Documentation/Images\" \\\n--ignore \"LoadableCategory.h\" \\\n--index-desc \"${PROJECT_DIR}/README.md\" \\\n\"${PROJECT_DIR}/${PROJECT_NAME}\"";
		};
		AC39998958854597A40CD221 /* Copy Pods Resources */ = {
			isa = PBXShellScriptBuildPhase;
			buildActionMask = 2147483647;
			files = (
			);
			inputPaths = (
			);
			name = "Copy Pods Resources";
			outputPaths = (
			);
			runOnlyForDeploymentPostprocessing = 0;
			shellPath = /bin/sh;
			shellScript = "\"${SRCROOT}/Pods/Pods-resources.sh\"\n";
			showEnvVarsInLog = 0;
		};
/* End PBXShellScriptBuildPhase section */

/* Begin PBXSourcesBuildPhase section */
		18E5E2EF183F66C4000C8D78 /* Sources */ = {
			isa = PBXSourcesBuildPhase;
			buildActionMask = 2147483647;
			files = (
				186009AB18475C5500EB13F0 /* ARKCompanyStatistics.m in Sources */,
				18E5E2FE183F66C4000C8D78 /* Arkio.m in Sources */,
				181339B81846283E0008F3E3 /* NSURL+ARKNetworking.m in Sources */,
				18E5E328183F7162000C8D78 /* ARKUser.m in Sources */,
				18D887E71843C48B0008AAC2 /* ARKSerialization.m in Sources */,
				186009AE184760C800EB13F0 /* ARKCompanyStatistic.m in Sources */,
				18E5E325183F7076000C8D78 /* ARKUserCredentials.m in Sources */,
				18D887E4184367AC0008AAC2 /* ARKURLFactory.m in Sources */,
				18D9AF0B1850893A001666A1 /* NSObject+ARKFoundation.m in Sources */,
				18D887EB1843D1BC0008AAC2 /* ARKError.m in Sources */,
				18F3CA001844CBAE00695C37 /* ARKEntity.m in Sources */,
				18E5E32B183F76D7000C8D78 /* ARKServer.m in Sources */,
				18E5E320183F6E13000C8D78 /* ARKSession.m in Sources */,
				181339BC184629B10008F3E3 /* NSString+ARKNetworking.m in Sources */,
				18DCB20E184A11F000224D0E /* ARKEntitySearchResult.m in Sources */,
				1827D2501842102000CE7FF3 /* ARKContact.m in Sources */,
				18DCB211184A13BF00224D0E /* ARKContactSearchResult.m in Sources */,
				18C2259F1848B545006206FF /* ARKCompanySearchResult.m in Sources */,
				1827D2531842265400CE7FF3 /* ARKCompany.m in Sources */,
			);
			runOnlyForDeploymentPostprocessing = 0;
		};
		18E5E2FF183F66C4000C8D78 /* Sources */ = {
			isa = PBXSourcesBuildPhase;
			buildActionMask = 2147483647;
			files = (
				18E5E313183F66C4000C8D78 /* ArkioTests.m in Sources */,
				18DCB213184A1AA400224D0E /* ARKContactSearchRequestTest.m in Sources */,
				186009B318476D1600EB13F0 /* ARKCompanyStatisticsRequestTest.m in Sources */,
				181339CB184672130008F3E3 /* ARKAuthenticationRequestTest.m in Sources */,
				186009A61847510600EB13F0 /* ARKUserInformationRequestTest.m in Sources */,
				18C2259A1848B06C006206FF /* ARKCompanySearchRequestTest.m in Sources */,
				181339BF184636F30008F3E3 /* ARKXCNetworkingTest.m in Sources */,
				189CBBF7184C8BCA000B23D4 /* ARKContactSearchWithCompanyNameRequestTest.m in Sources */,
			);
			runOnlyForDeploymentPostprocessing = 0;
		};
/* End PBXSourcesBuildPhase section */

/* Begin PBXTargetDependency section */
		18E5E30A183F66C4000C8D78 /* PBXTargetDependency */ = {
			isa = PBXTargetDependency;
			target = 18E5E2F2183F66C4000C8D78 /* Arkio */;
			targetProxy = 18E5E309183F66C4000C8D78 /* PBXContainerItemProxy */;
		};
/* End PBXTargetDependency section */

/* Begin PBXVariantGroup section */
		18E5E30F183F66C4000C8D78 /* InfoPlist.strings */ = {
			isa = PBXVariantGroup;
			children = (
				18E5E310183F66C4000C8D78 /* en */,
			);
			name = InfoPlist.strings;
			sourceTree = "<group>";
		};
/* End PBXVariantGroup section */

/* Begin XCBuildConfiguration section */
		18E5E314183F66C4000C8D78 /* Debug */ = {
			isa = XCBuildConfiguration;
			buildSettings = {
				ALWAYS_SEARCH_USER_PATHS = NO;
				ARCHS = "$(ARCHS_STANDARD_INCLUDING_64_BIT)";
				CLANG_CXX_LANGUAGE_STANDARD = "gnu++0x";
				CLANG_CXX_LIBRARY = "libc++";
				CLANG_ENABLE_MODULES = YES;
				CLANG_ENABLE_OBJC_ARC = YES;
				CLANG_WARN_BOOL_CONVERSION = YES;
				CLANG_WARN_CONSTANT_CONVERSION = YES;
				CLANG_WARN_DIRECT_OBJC_ISA_USAGE = YES_ERROR;
				CLANG_WARN_EMPTY_BODY = YES;
				CLANG_WARN_ENUM_CONVERSION = YES;
				CLANG_WARN_INT_CONVERSION = YES;
				CLANG_WARN_OBJC_ROOT_CLASS = YES_ERROR;
				CLANG_WARN__DUPLICATE_METHOD_MATCH = YES;
				COPY_PHASE_STRIP = NO;
				GCC_C_LANGUAGE_STANDARD = gnu99;
				GCC_DYNAMIC_NO_PIC = NO;
				GCC_OPTIMIZATION_LEVEL = 0;
				GCC_PREPROCESSOR_DEFINITIONS = (
					"DEBUG=1",
					"$(inherited)",
				);
				GCC_SYMBOLS_PRIVATE_EXTERN = NO;
				GCC_WARN_64_TO_32_BIT_CONVERSION = YES;
				GCC_WARN_ABOUT_RETURN_TYPE = YES_ERROR;
				GCC_WARN_UNDECLARED_SELECTOR = YES;
				GCC_WARN_UNINITIALIZED_AUTOS = YES;
				GCC_WARN_UNUSED_FUNCTION = YES;
				GCC_WARN_UNUSED_VARIABLE = YES;
				IPHONEOS_DEPLOYMENT_TARGET = 7.0;
				ONLY_ACTIVE_ARCH = YES;
				OTHER_LDFLAGS = "$(inherited)";
				SDKROOT = iphoneos;
			};
			name = Debug;
		};
		18E5E315183F66C4000C8D78 /* Release */ = {
			isa = XCBuildConfiguration;
			buildSettings = {
				ALWAYS_SEARCH_USER_PATHS = NO;
				ARCHS = "$(ARCHS_STANDARD_INCLUDING_64_BIT)";
				CLANG_CXX_LANGUAGE_STANDARD = "gnu++0x";
				CLANG_CXX_LIBRARY = "libc++";
				CLANG_ENABLE_MODULES = YES;
				CLANG_ENABLE_OBJC_ARC = YES;
				CLANG_WARN_BOOL_CONVERSION = YES;
				CLANG_WARN_CONSTANT_CONVERSION = YES;
				CLANG_WARN_DIRECT_OBJC_ISA_USAGE = YES_ERROR;
				CLANG_WARN_EMPTY_BODY = YES;
				CLANG_WARN_ENUM_CONVERSION = YES;
				CLANG_WARN_INT_CONVERSION = YES;
				CLANG_WARN_OBJC_ROOT_CLASS = YES_ERROR;
				CLANG_WARN__DUPLICATE_METHOD_MATCH = YES;
				COPY_PHASE_STRIP = YES;
				ENABLE_NS_ASSERTIONS = NO;
				GCC_C_LANGUAGE_STANDARD = gnu99;
				GCC_WARN_64_TO_32_BIT_CONVERSION = YES;
				GCC_WARN_ABOUT_RETURN_TYPE = YES_ERROR;
				GCC_WARN_UNDECLARED_SELECTOR = YES;
				GCC_WARN_UNINITIALIZED_AUTOS = YES;
				GCC_WARN_UNUSED_FUNCTION = YES;
				GCC_WARN_UNUSED_VARIABLE = YES;
				IPHONEOS_DEPLOYMENT_TARGET = 7.0;
				OTHER_LDFLAGS = "$(inherited)";
				SDKROOT = iphoneos;
				VALIDATE_PRODUCT = YES;
			};
			name = Release;
		};
		18E5E317183F66C4000C8D78 /* Debug */ = {
			isa = XCBuildConfiguration;
			baseConfigurationReference = F69568D91757450CAE1A9922 /* Pods.xcconfig */;
			buildSettings = {
				DSTROOT = /tmp/Arkio.dst;
				FRAMEWORK_SEARCH_PATHS = (
					"$(inherited)",
					"$(DEVELOPER_FRAMEWORKS_DIR)",
				);
				GCC_PRECOMPILE_PREFIX_HEADER = YES;
				GCC_PREFIX_HEADER = "Arkio/Arkio-Prefix.pch";
				HEADER_SEARCH_PATHS = (
					"$(inherited)",
					"\"${PODS_ROOT}/Headers\"",
				);
				OTHER_LDFLAGS = (
					"-framework",
					XCTest,
				);
				PRODUCT_NAME = "$(TARGET_NAME)";
				SKIP_INSTALL = YES;
				VALID_ARCHS = "arm64 armv7 armv7s i386";
			};
			name = Debug;
		};
		18E5E318183F66C4000C8D78 /* Release */ = {
			isa = XCBuildConfiguration;
			baseConfigurationReference = F69568D91757450CAE1A9922 /* Pods.xcconfig */;
			buildSettings = {
				DSTROOT = /tmp/Arkio.dst;
				FRAMEWORK_SEARCH_PATHS = (
					"$(inherited)",
					"$(DEVELOPER_FRAMEWORKS_DIR)",
				);
				GCC_PRECOMPILE_PREFIX_HEADER = YES;
				GCC_PREFIX_HEADER = "Arkio/Arkio-Prefix.pch";
				HEADER_SEARCH_PATHS = (
					"$(inherited)",
					"\"${PODS_ROOT}/Headers\"",
				);
				OTHER_LDFLAGS = (
					"-framework",
					XCTest,
				);
				PRODUCT_NAME = "$(TARGET_NAME)";
				SKIP_INSTALL = YES;
				VALID_ARCHS = "arm64 armv7 armv7s i386";
			};
			name = Release;
		};
		18E5E31A183F66C4000C8D78 /* Debug */ = {
			isa = XCBuildConfiguration;
			buildSettings = {
				ARCHS = "$(ARCHS_STANDARD_INCLUDING_64_BIT)";
				FRAMEWORK_SEARCH_PATHS = (
					"$(SDKROOT)/Developer/Library/Frameworks",
					"$(inherited)",
				);
				GCC_PRECOMPILE_PREFIX_HEADER = YES;
				GCC_PREFIX_HEADER = "Arkio/Arkio-Prefix.pch";
				GCC_PREPROCESSOR_DEFINITIONS = (
					"DEBUG=1",
					"$(inherited)",
				);
				HEADER_SEARCH_PATHS = (
					"$(inherited)",
					"\"${PODS_ROOT}/Headers\"",
				);
				INFOPLIST_FILE = "ArkioTests/ArkioTests-Info.plist";
				OTHER_LDFLAGS = (
					"$(inherited)",
					"-all_load",
				);
				POD_ROOT = "${SRCROOT}/Pods";
				PRODUCT_NAME = "$(TARGET_NAME)";
				VALID_ARCHS = "arm64 armv7 armv7s i386";
				WRAPPER_EXTENSION = xctest;
			};
			name = Debug;
		};
		18E5E31B183F66C4000C8D78 /* Release */ = {
			isa = XCBuildConfiguration;
			buildSettings = {
				ARCHS = "$(ARCHS_STANDARD_INCLUDING_64_BIT)";
				FRAMEWORK_SEARCH_PATHS = (
					"$(SDKROOT)/Developer/Library/Frameworks",
					"$(inherited)",
				);
				GCC_PRECOMPILE_PREFIX_HEADER = YES;
				GCC_PREFIX_HEADER = "Arkio/Arkio-Prefix.pch";
				HEADER_SEARCH_PATHS = (
					"$(inherited)",
					"\"${PODS_ROOT}/Headers\"",
				);
				INFOPLIST_FILE = "ArkioTests/ArkioTests-Info.plist";
				OTHER_LDFLAGS = (
					"$(inherited)",
					"-all_load",
				);
				POD_ROOT = "${SRCROOT}/Pods";
				PRODUCT_NAME = "$(TARGET_NAME)";
				VALID_ARCHS = "arm64 armv7 armv7s i386";
				WRAPPER_EXTENSION = xctest;
			};
			name = Release;
		};
		18E5E32E183F86E7000C8D78 /* Debug */ = {
			isa = XCBuildConfiguration;
			buildSettings = {
				PRODUCT_NAME = "$(TARGET_NAME)";
			};
			name = Debug;
		};
		18E5E32F183F86E7000C8D78 /* Release */ = {
			isa = XCBuildConfiguration;
			buildSettings = {
				PRODUCT_NAME = "$(TARGET_NAME)";
			};
			name = Release;
		};
/* End XCBuildConfiguration section */

/* Begin XCConfigurationList section */
		18E5E2EE183F66C4000C8D78 /* Build configuration list for PBXProject "Arkio" */ = {
			isa = XCConfigurationList;
			buildConfigurations = (
				18E5E314183F66C4000C8D78 /* Debug */,
				18E5E315183F66C4000C8D78 /* Release */,
			);
			defaultConfigurationIsVisible = 0;
			defaultConfigurationName = Release;
		};
		18E5E316183F66C4000C8D78 /* Build configuration list for PBXNativeTarget "Arkio" */ = {
			isa = XCConfigurationList;
			buildConfigurations = (
				18E5E317183F66C4000C8D78 /* Debug */,
				18E5E318183F66C4000C8D78 /* Release */,
			);
			defaultConfigurationIsVisible = 0;
			defaultConfigurationName = Release;
		};
		18E5E319183F66C4000C8D78 /* Build configuration list for PBXNativeTarget "ArkioTests" */ = {
			isa = XCConfigurationList;
			buildConfigurations = (
				18E5E31A183F66C4000C8D78 /* Debug */,
				18E5E31B183F66C4000C8D78 /* Release */,
			);
			defaultConfigurationIsVisible = 0;
			defaultConfigurationName = Release;
		};
		18E5E32D183F86E7000C8D78 /* Build configuration list for PBXAggregateTarget "Install AppleDocs" */ = {
			isa = XCConfigurationList;
			buildConfigurations = (
				18E5E32E183F86E7000C8D78 /* Debug */,
				18E5E32F183F86E7000C8D78 /* Release */,
			);
			defaultConfigurationIsVisible = 0;
			defaultConfigurationName = Release;
		};
/* End XCConfigurationList section */
	};
	rootObject = 18E5E2EB183F66C4000C8D78 /* Project object */;
}
